
Microsoft Visual Studio Solution File, Format Version 12.00
# Visual Studio Version 17
VisualStudioVersion = 17.5.33424.131
MinimumVisualStudioVersion = 10.0.40219.1
Project("{FAE04EC0-301F-11D3-BF4B-00C04F79EFBC}") = "Ejercicio_15_Tema_3", "Ejercicio_15_Tema_3\Ejercicio_15_Tema_3.csproj", "{D3EB883F-4A68-439C-B0C6-C5B517049F45}"
EndProject
Global
	GlobalSection(SolutionConfigurationPlatforms) = preSolution
		Debug|Any CPU = Debug|Any CPU
		Release|Any CPU = Release|Any CPU
	EndGlobalSection
	GlobalSection(ProjectConfigurationPlatforms) = postSolution
		{D3EB883F-4A68-439C-B0C6-C5B517049F45}.Debug|Any CPU.ActiveCfg = Debug|Any CPU
		{D3EB883F-4A68-439C-B0C6-C5B517049F45}.Debug|Any CPU.Build.0 = Debug|Any CPU
		{D3EB883F-4A68-439C-B0C6-C5B517049F45}.Release|Any CPU.ActiveCfg = Release|Any CPU
		{D3EB883F-4A68-439C-B0C6-C5B517049F45}.Release|Any CPU.Build.0 = Release|Any CPU
	EndGlobalSection
	GlobalSection(SolutionProperties) = preSolution
		HideSolutionNode = FALSE
	EndGlobalSection
	GlobalSection(ExtensibilityGlobals) = postSolution
		SolutionGuid = {88839B00-95CC-424A-943A-12AE5CC7E0EA}
	EndGlobalSection
EndGlobal
