
Microsoft Visual Studio Solution File, Format Version 12.00
# Visual Studio Version 17
VisualStudioVersion = 17.5.33424.131
MinimumVisualStudioVersion = 10.0.40219.1
Project("{FAE04EC0-301F-11D3-BF4B-00C04F79EFBC}") = "Exercise 1 List", "Exercise 1 List\Exercise 1 List.csproj", "{CFA819AD-45E4-405E-B33C-DDD9EBEF868A}"
EndProject
Global
	GlobalSection(SolutionConfigurationPlatforms) = preSolution
		Debug|Any CPU = Debug|Any CPU
		Release|Any CPU = Release|Any CPU
	EndGlobalSection
	GlobalSection(ProjectConfigurationPlatforms) = postSolution
		{CFA819AD-45E4-405E-B33C-DDD9EBEF868A}.Debug|Any CPU.ActiveCfg = Debug|Any CPU
		{CFA819AD-45E4-405E-B33C-DDD9EBEF868A}.Debug|Any CPU.Build.0 = Debug|Any CPU
		{CFA819AD-45E4-405E-B33C-DDD9EBEF868A}.Release|Any CPU.ActiveCfg = Release|Any CPU
		{CFA819AD-45E4-405E-B33C-DDD9EBEF868A}.Release|Any CPU.Build.0 = Release|Any CPU
	EndGlobalSection
	GlobalSection(SolutionProperties) = preSolution
		HideSolutionNode = FALSE
	EndGlobalSection
	GlobalSection(ExtensibilityGlobals) = postSolution
		SolutionGuid = {345387CD-AF7A-4523-863E-B1BE3397EDC4}
	EndGlobalSection
EndGlobal
