
Microsoft Visual Studio Solution File, Format Version 12.00
# Visual Studio Version 17
VisualStudioVersion = 17.5.33424.131
MinimumVisualStudioVersion = 10.0.40219.1
Project("{FAE04EC0-301F-11D3-BF4B-00C04F79EFBC}") = "Exercise 2 objects", "Exercise 2 objects\Exercise 2 objects.csproj", "{CC329E93-01FA-4E0A-8C69-8C66820349E8}"
EndProject
Global
	GlobalSection(SolutionConfigurationPlatforms) = preSolution
		Debug|Any CPU = Debug|Any CPU
		Release|Any CPU = Release|Any CPU
	EndGlobalSection
	GlobalSection(ProjectConfigurationPlatforms) = postSolution
		{CC329E93-01FA-4E0A-8C69-8C66820349E8}.Debug|Any CPU.ActiveCfg = Debug|Any CPU
		{CC329E93-01FA-4E0A-8C69-8C66820349E8}.Debug|Any CPU.Build.0 = Debug|Any CPU
		{CC329E93-01FA-4E0A-8C69-8C66820349E8}.Release|Any CPU.ActiveCfg = Release|Any CPU
		{CC329E93-01FA-4E0A-8C69-8C66820349E8}.Release|Any CPU.Build.0 = Release|Any CPU
	EndGlobalSection
	GlobalSection(SolutionProperties) = preSolution
		HideSolutionNode = FALSE
	EndGlobalSection
	GlobalSection(ExtensibilityGlobals) = postSolution
		SolutionGuid = {1F1172B4-A9E5-4AFA-BB59-1DC03596CD75}
	EndGlobalSection
EndGlobal
