
Microsoft Visual Studio Solution File, Format Version 12.00
# Visual Studio Version 17
VisualStudioVersion = 17.5.33424.131
MinimumVisualStudioVersion = 10.0.40219.1
Project("{FAE04EC0-301F-11D3-BF4B-00C04F79EFBC}") = "Ejercicio_14_Tema_3", "Ejercicio_14_Tema_3\Ejercicio_14_Tema_3.csproj", "{1A559157-B32F-4D24-A9B7-7E5077ACC178}"
EndProject
Global
	GlobalSection(SolutionConfigurationPlatforms) = preSolution
		Debug|Any CPU = Debug|Any CPU
		Release|Any CPU = Release|Any CPU
	EndGlobalSection
	GlobalSection(ProjectConfigurationPlatforms) = postSolution
		{1A559157-B32F-4D24-A9B7-7E5077ACC178}.Debug|Any CPU.ActiveCfg = Debug|Any CPU
		{1A559157-B32F-4D24-A9B7-7E5077ACC178}.Debug|Any CPU.Build.0 = Debug|Any CPU
		{1A559157-B32F-4D24-A9B7-7E5077ACC178}.Release|Any CPU.ActiveCfg = Release|Any CPU
		{1A559157-B32F-4D24-A9B7-7E5077ACC178}.Release|Any CPU.Build.0 = Release|Any CPU
	EndGlobalSection
	GlobalSection(SolutionProperties) = preSolution
		HideSolutionNode = FALSE
	EndGlobalSection
	GlobalSection(ExtensibilityGlobals) = postSolution
		SolutionGuid = {B310F468-4382-4D03-A007-47D08F938E5D}
	EndGlobalSection
EndGlobal
