
Microsoft Visual Studio Solution File, Format Version 12.00
# Visual Studio Version 17
VisualStudioVersion = 17.5.33424.131
MinimumVisualStudioVersion = 10.0.40219.1
Project("{FAE04EC0-301F-11D3-BF4B-00C04F79EFBC}") = "Ejercicio_1_Tema_3", "Ejercicio_1_Tema_3\Ejercicio_1_Tema_3.csproj", "{89B3C5A5-7DF4-4F1F-9775-FEC6361FB1CC}"
EndProject
Global
	GlobalSection(SolutionConfigurationPlatforms) = preSolution
		Debug|Any CPU = Debug|Any CPU
		Release|Any CPU = Release|Any CPU
	EndGlobalSection
	GlobalSection(ProjectConfigurationPlatforms) = postSolution
		{89B3C5A5-7DF4-4F1F-9775-FEC6361FB1CC}.Debug|Any CPU.ActiveCfg = Debug|Any CPU
		{89B3C5A5-7DF4-4F1F-9775-FEC6361FB1CC}.Debug|Any CPU.Build.0 = Debug|Any CPU
		{89B3C5A5-7DF4-4F1F-9775-FEC6361FB1CC}.Release|Any CPU.ActiveCfg = Release|Any CPU
		{89B3C5A5-7DF4-4F1F-9775-FEC6361FB1CC}.Release|Any CPU.Build.0 = Release|Any CPU
	EndGlobalSection
	GlobalSection(SolutionProperties) = preSolution
		HideSolutionNode = FALSE
	EndGlobalSection
	GlobalSection(ExtensibilityGlobals) = postSolution
		SolutionGuid = {C0A7AA03-5CD3-4EA5-954C-DBF59522E6DA}
	EndGlobalSection
EndGlobal
