
Microsoft Visual Studio Solution File, Format Version 12.00
# Visual Studio Version 17
VisualStudioVersion = 17.5.33424.131
MinimumVisualStudioVersion = 10.0.40219.1
Project("{FAE04EC0-301F-11D3-BF4B-00C04F79EFBC}") = "Ejercicio 1", "Ejercicio 1\Ejercicio 1.csproj", "{B508FC93-C917-4393-9E3A-E5C562BBEC9E}"
EndProject
Global
	GlobalSection(SolutionConfigurationPlatforms) = preSolution
		Debug|Any CPU = Debug|Any CPU
		Release|Any CPU = Release|Any CPU
	EndGlobalSection
	GlobalSection(ProjectConfigurationPlatforms) = postSolution
		{B508FC93-C917-4393-9E3A-E5C562BBEC9E}.Debug|Any CPU.ActiveCfg = Debug|Any CPU
		{B508FC93-C917-4393-9E3A-E5C562BBEC9E}.Debug|Any CPU.Build.0 = Debug|Any CPU
		{B508FC93-C917-4393-9E3A-E5C562BBEC9E}.Release|Any CPU.ActiveCfg = Release|Any CPU
		{B508FC93-C917-4393-9E3A-E5C562BBEC9E}.Release|Any CPU.Build.0 = Release|Any CPU
	EndGlobalSection
	GlobalSection(SolutionProperties) = preSolution
		HideSolutionNode = FALSE
	EndGlobalSection
	GlobalSection(ExtensibilityGlobals) = postSolution
		SolutionGuid = {AEEACAB7-DAA9-4456-9442-5916464D0007}
	EndGlobalSection
EndGlobal
