
Microsoft Visual Studio Solution File, Format Version 12.00
# Visual Studio Version 17
VisualStudioVersion = 17.7.34024.191
MinimumVisualStudioVersion = 10.0.40219.1
Project("{FAE04EC0-301F-11D3-BF4B-00C04F79EFBC}") = "Ejercicio_11_Tema_3", "Ejercicio_11_Tema_3.csproj", "{3B9196DF-DB77-4446-955A-8E7DABD20CAA}"
EndProject
Global
	GlobalSection(SolutionConfigurationPlatforms) = preSolution
		Debug|Any CPU = Debug|Any CPU
		Release|Any CPU = Release|Any CPU
	EndGlobalSection
	GlobalSection(ProjectConfigurationPlatforms) = postSolution
		{3B9196DF-DB77-4446-955A-8E7DABD20CAA}.Debug|Any CPU.ActiveCfg = Debug|Any CPU
		{3B9196DF-DB77-4446-955A-8E7DABD20CAA}.Debug|Any CPU.Build.0 = Debug|Any CPU
		{3B9196DF-DB77-4446-955A-8E7DABD20CAA}.Release|Any CPU.ActiveCfg = Release|Any CPU
		{3B9196DF-DB77-4446-955A-8E7DABD20CAA}.Release|Any CPU.Build.0 = Release|Any CPU
	EndGlobalSection
	GlobalSection(SolutionProperties) = preSolution
		HideSolutionNode = FALSE
	EndGlobalSection
	GlobalSection(ExtensibilityGlobals) = postSolution
		SolutionGuid = {C3C1E5C7-B147-4E3C-A4A8-949DF1DCD588}
	EndGlobalSection
EndGlobal
