
Microsoft Visual Studio Solution File, Format Version 12.00
# Visual Studio Version 17
VisualStudioVersion = 17.5.33424.131
MinimumVisualStudioVersion = 10.0.40219.1
Project("{FAE04EC0-301F-11D3-BF4B-00C04F79EFBC}") = "Ejercicio_7_Tema_2", "Ejercicio_7_Tema_2\Ejercicio_7_Tema_2.csproj", "{F023C6B5-6278-4D2D-B819-4202CEA3BF9D}"
EndProject
Global
	GlobalSection(SolutionConfigurationPlatforms) = preSolution
		Debug|Any CPU = Debug|Any CPU
		Release|Any CPU = Release|Any CPU
	EndGlobalSection
	GlobalSection(ProjectConfigurationPlatforms) = postSolution
		{F023C6B5-6278-4D2D-B819-4202CEA3BF9D}.Debug|Any CPU.ActiveCfg = Debug|Any CPU
		{F023C6B5-6278-4D2D-B819-4202CEA3BF9D}.Debug|Any CPU.Build.0 = Debug|Any CPU
		{F023C6B5-6278-4D2D-B819-4202CEA3BF9D}.Release|Any CPU.ActiveCfg = Release|Any CPU
		{F023C6B5-6278-4D2D-B819-4202CEA3BF9D}.Release|Any CPU.Build.0 = Release|Any CPU
	EndGlobalSection
	GlobalSection(SolutionProperties) = preSolution
		HideSolutionNode = FALSE
	EndGlobalSection
	GlobalSection(ExtensibilityGlobals) = postSolution
		SolutionGuid = {AA369415-E37A-42FD-8771-84D409901FAA}
	EndGlobalSection
EndGlobal
