
Microsoft Visual Studio Solution File, Format Version 12.00
# Visual Studio Version 17
VisualStudioVersion = 17.5.33424.131
MinimumVisualStudioVersion = 10.0.40219.1
Project("{FAE04EC0-301F-11D3-BF4B-00C04F79EFBC}") = "Ejercicio_19_Tema_3", "Ejercicio_19_Tema_3\Ejercicio_19_Tema_3.csproj", "{64216FE1-70B0-40A6-83B4-093547324BC8}"
EndProject
Global
	GlobalSection(SolutionConfigurationPlatforms) = preSolution
		Debug|Any CPU = Debug|Any CPU
		Release|Any CPU = Release|Any CPU
	EndGlobalSection
	GlobalSection(ProjectConfigurationPlatforms) = postSolution
		{64216FE1-70B0-40A6-83B4-093547324BC8}.Debug|Any CPU.ActiveCfg = Debug|Any CPU
		{64216FE1-70B0-40A6-83B4-093547324BC8}.Debug|Any CPU.Build.0 = Debug|Any CPU
		{64216FE1-70B0-40A6-83B4-093547324BC8}.Release|Any CPU.ActiveCfg = Release|Any CPU
		{64216FE1-70B0-40A6-83B4-093547324BC8}.Release|Any CPU.Build.0 = Release|Any CPU
	EndGlobalSection
	GlobalSection(SolutionProperties) = preSolution
		HideSolutionNode = FALSE
	EndGlobalSection
	GlobalSection(ExtensibilityGlobals) = postSolution
		SolutionGuid = {AC5DE2C5-B5FC-434F-A9BB-FFACD9AA7B78}
	EndGlobalSection
EndGlobal
