
Microsoft Visual Studio Solution File, Format Version 12.00
# Visual Studio Version 17
VisualStudioVersion = 17.7.34031.279
MinimumVisualStudioVersion = 10.0.40219.1
Project("{FAE04EC0-301F-11D3-BF4B-00C04F79EFBC}") = "Exercise 3 List", "Exercise 3 List\Exercise 3 List.csproj", "{AAF6C9D7-A418-4B19-8E31-FE3ACA67FFCC}"
EndProject
Global
	GlobalSection(SolutionConfigurationPlatforms) = preSolution
		Debug|Any CPU = Debug|Any CPU
		Release|Any CPU = Release|Any CPU
	EndGlobalSection
	GlobalSection(ProjectConfigurationPlatforms) = postSolution
		{AAF6C9D7-A418-4B19-8E31-FE3ACA67FFCC}.Debug|Any CPU.ActiveCfg = Debug|Any CPU
		{AAF6C9D7-A418-4B19-8E31-FE3ACA67FFCC}.Debug|Any CPU.Build.0 = Debug|Any CPU
		{AAF6C9D7-A418-4B19-8E31-FE3ACA67FFCC}.Release|Any CPU.ActiveCfg = Release|Any CPU
		{AAF6C9D7-A418-4B19-8E31-FE3ACA67FFCC}.Release|Any CPU.Build.0 = Release|Any CPU
	EndGlobalSection
	GlobalSection(SolutionProperties) = preSolution
		HideSolutionNode = FALSE
	EndGlobalSection
	GlobalSection(ExtensibilityGlobals) = postSolution
		SolutionGuid = {D2C082AD-8292-4700-9CF6-C272BA6D76BF}
	EndGlobalSection
EndGlobal
