
Microsoft Visual Studio Solution File, Format Version 12.00
# Visual Studio Version 17
VisualStudioVersion = 17.7.34031.279
MinimumVisualStudioVersion = 10.0.40219.1
Project("{FAE04EC0-301F-11D3-BF4B-00C04F79EFBC}") = "Ejercicio_1_Tema_4", "Ejercicio_1_Tema_4\Ejercicio_1_Tema_4.csproj", "{D088363B-C8B6-4D45-B53C-EFD3C93685E3}"
EndProject
Global
	GlobalSection(SolutionConfigurationPlatforms) = preSolution
		Debug|Any CPU = Debug|Any CPU
		Release|Any CPU = Release|Any CPU
	EndGlobalSection
	GlobalSection(ProjectConfigurationPlatforms) = postSolution
		{D088363B-C8B6-4D45-B53C-EFD3C93685E3}.Debug|Any CPU.ActiveCfg = Debug|Any CPU
		{D088363B-C8B6-4D45-B53C-EFD3C93685E3}.Debug|Any CPU.Build.0 = Debug|Any CPU
		{D088363B-C8B6-4D45-B53C-EFD3C93685E3}.Release|Any CPU.ActiveCfg = Release|Any CPU
		{D088363B-C8B6-4D45-B53C-EFD3C93685E3}.Release|Any CPU.Build.0 = Release|Any CPU
	EndGlobalSection
	GlobalSection(SolutionProperties) = preSolution
		HideSolutionNode = FALSE
	EndGlobalSection
	GlobalSection(ExtensibilityGlobals) = postSolution
		SolutionGuid = {B834B35F-D822-4268-B607-50F67630CD44}
	EndGlobalSection
EndGlobal
