
Microsoft Visual Studio Solution File, Format Version 12.00
# Visual Studio Version 17
VisualStudioVersion = 17.7.34024.191
MinimumVisualStudioVersion = 10.0.40219.1
Project("{FAE04EC0-301F-11D3-BF4B-00C04F79EFBC}") = "Ejercicio_09_Version2", "Ejercicio_09_Version2.csproj", "{D3F4F5DB-BB9B-4B08-847A-819BB2A574BF}"
EndProject
Global
	GlobalSection(SolutionConfigurationPlatforms) = preSolution
		Debug|Any CPU = Debug|Any CPU
		Release|Any CPU = Release|Any CPU
	EndGlobalSection
	GlobalSection(ProjectConfigurationPlatforms) = postSolution
		{D3F4F5DB-BB9B-4B08-847A-819BB2A574BF}.Debug|Any CPU.ActiveCfg = Debug|Any CPU
		{D3F4F5DB-BB9B-4B08-847A-819BB2A574BF}.Debug|Any CPU.Build.0 = Debug|Any CPU
		{D3F4F5DB-BB9B-4B08-847A-819BB2A574BF}.Release|Any CPU.ActiveCfg = Release|Any CPU
		{D3F4F5DB-BB9B-4B08-847A-819BB2A574BF}.Release|Any CPU.Build.0 = Release|Any CPU
	EndGlobalSection
	GlobalSection(SolutionProperties) = preSolution
		HideSolutionNode = FALSE
	EndGlobalSection
	GlobalSection(ExtensibilityGlobals) = postSolution
		SolutionGuid = {DC653AD4-8B45-41AB-9B0C-FE3681C64980}
	EndGlobalSection
EndGlobal
